# This file is automatically @generated by Poetry 2.0.1 and should not be changed by hand.

[[package]]
name = "pandoc"
version = "2.4"
description = "Pandoc Documents for Python"
optional = false
python-versions = "*"
groups = ["main"]
files = [
    {file = "pandoc-2.4.tar.gz", hash = "sha256:ecd1f8cbb7f4180c6b5db4a17a7c1a74df519995f5f186ef81ce72a9cbd0dd9a"},
]

[package.dependencies]
plumbum = "*"
ply = "*"

[[package]]
name = "plumbum"
version = "1.9.0"
description = "Plumbum: shell combinators library"
optional = false
python-versions = ">=3.8"
groups = ["main"]
files = [
    {file = "plumbum-1.9.0-py3-none-any.whl", hash = "sha256:9fd0d3b0e8d86e4b581af36edf3f3bbe9d1ae15b45b8caab28de1bcb27aaa7f5"},
    {file = "plumbum-1.9.0.tar.gz", hash = "sha256:e640062b72642c3873bd5bdc3effed75ba4d3c70ef6b6a7b907357a84d909219"},
]

[package.dependencies]
pywin32 = {version = "*", markers = "platform_system == \"Windows\" and platform_python_implementation != \"PyPy\""}

[package.extras]
dev = ["coverage[toml]", "paramiko", "psutil", "pytest (>=6.0)", "pytest-cov", "pytest-mock", "pytest-timeout"]
docs = ["sphinx (>=4.0.0)", "sphinx-rtd-theme (>=1.0.0)"]
ssh = ["paramiko"]
test = ["coverage[toml]", "paramiko", "psutil", "pytest (>=6.0)", "pytest-cov", "pytest-mock", "pytest-timeout"]

[[package]]
name = "ply"
version = "3.11"
description = "Python Lex & Yacc"
optional = false
python-versions = "*"
groups = ["main"]
files = [
    {file = "ply-3.11-py2.py3-none-any.whl", hash = "sha256:096f9b8350b65ebd2fd1346b12452efe5b9607f7482813ffca50c22722a807ce"},
    {file = "ply-3.11.tar.gz", hash = "sha256:00c7c1aaa88358b9c765b6d3000c6eec0ba42abca5351b095321aef446081da3"},
]

[[package]]
name = "pywin32"
version = "309"
description = "Python for Window Extensions"
optional = false
python-versions = "*"
groups = ["main"]
markers = "platform_system == \"Windows\" and platform_python_implementation != \"PyPy\""
files = [
    {file = "pywin32-309-cp310-cp310-win32.whl", hash = "sha256:5b78d98550ca093a6fe7ab6d71733fbc886e2af9d4876d935e7f6e1cd6577ac9"},
    {file = "pywin32-309-cp310-cp310-win_amd64.whl", hash = "sha256:728d08046f3d65b90d4c77f71b6fbb551699e2005cc31bbffd1febd6a08aa698"},
    {file = "pywin32-309-cp310-cp310-win_arm64.whl", hash = "sha256:c667bcc0a1e6acaca8984eb3e2b6e42696fc035015f99ff8bc6c3db4c09a466a"},
    {file = "pywin32-309-cp311-cp311-win32.whl", hash = "sha256:d5df6faa32b868baf9ade7c9b25337fa5eced28eb1ab89082c8dae9c48e4cd51"},
    {file = "pywin32-309-cp311-cp311-win_amd64.whl", hash = "sha256:e7ec2cef6df0926f8a89fd64959eba591a1eeaf0258082065f7bdbe2121228db"},
    {file = "pywin32-309-cp311-cp311-win_arm64.whl", hash = "sha256:54ee296f6d11db1627216e9b4d4c3231856ed2d9f194c82f26c6cb5650163f4c"},
    {file = "pywin32-309-cp312-cp312-win32.whl", hash = "sha256:de9acacced5fa82f557298b1fed5fef7bd49beee04190f68e1e4783fbdc19926"},
    {file = "pywin32-309-cp312-cp312-win_amd64.whl", hash = "sha256:6ff9eebb77ffc3d59812c68db33c0a7817e1337e3537859499bd27586330fc9e"},
    {file = "pywin32-309-cp312-cp312-win_arm64.whl", hash = "sha256:619f3e0a327b5418d833f44dc87859523635cf339f86071cc65a13c07be3110f"},
    {file = "pywin32-309-cp313-cp313-win32.whl", hash = "sha256:008bffd4afd6de8ca46c6486085414cc898263a21a63c7f860d54c9d02b45c8d"},
    {file = "pywin32-309-cp313-cp313-win_amd64.whl", hash = "sha256:bd0724f58492db4cbfbeb1fcd606495205aa119370c0ddc4f70e5771a3ab768d"},
    {file = "pywin32-309-cp313-cp313-win_arm64.whl", hash = "sha256:8fd9669cfd41863b688a1bc9b1d4d2d76fd4ba2128be50a70b0ea66b8d37953b"},
    {file = "pywin32-309-cp38-cp38-win32.whl", hash = "sha256:617b837dc5d9dfa7e156dbfa7d3906c009a2881849a80a9ae7519f3dd8c6cb86"},
    {file = "pywin32-309-cp38-cp38-win_amd64.whl", hash = "sha256:0be3071f555480fbfd86a816a1a773880ee655bf186aa2931860dbb44e8424f8"},
    {file = "pywin32-309-cp39-cp39-win32.whl", hash = "sha256:72ae9ae3a7a6473223589a1621f9001fe802d59ed227fd6a8503c9af67c1d5f4"},
    {file = "pywin32-309-cp39-cp39-win_amd64.whl", hash = "sha256:88bc06d6a9feac70783de64089324568ecbc65866e2ab318eab35da3811fd7ef"},
]

[metadata]
lock-version = "2.1"
python-versions = ">=3.12"
content-hash = "50cba58832135ff4aa0971d7f04e2feff4ca8dd92ddea95bbd65b6e2ffb4d5da"
